
Microsoft Visual Studio Solution File, Format Version 11.00
# Visual Studio 2010
Project("{FAE04EC0-301F-11D3-BF4B-00C04F79EFBC}") = "InstanceVoidCutTest", "InstanceVoidCutTest\InstanceVoidCutTest.csproj", "{AE4CE627-824B-4BA4-8F5C-B654ED5D3888}"
EndProject
Global
	GlobalSection(SolutionConfigurationPlatforms) = preSolution
		Debug|Any CPU = Debug|Any CPU
		Release|Any CPU = Release|Any CPU
	EndGlobalSection
	GlobalSection(ProjectConfigurationPlatforms) = postSolution
		{AE4CE627-824B-4BA4-8F5C-B654ED5D3888}.Debug|Any CPU.ActiveCfg = Debug|Any CPU
		{AE4CE627-824B-4BA4-8F5C-B654ED5D3888}.Debug|Any CPU.Build.0 = Debug|Any CPU
		{AE4CE627-824B-4BA4-8F5C-B654ED5D3888}.Release|Any CPU.ActiveCfg = Release|Any CPU
		{AE4CE627-824B-4BA4-8F5C-B654ED5D3888}.Release|Any CPU.Build.0 = Release|Any CPU
	EndGlobalSection
	GlobalSection(SolutionProperties) = preSolution
		HideSolutionNode = FALSE
	EndGlobalSection
EndGlobal
